// !$*UTF8*$!
{
	archiveVersion = 1;
	classes = {
	};
	objectVersion = 56;
	objects = {

/* Begin PBXBuildFile section */
		E7A2C3F92AF2541C00F5808C /* UITestingApp.swift in Sources */ = {isa = PBXBuildFile; fileRef = E7A2C3F82AF2541C00F5808C /* UITestingApp.swift */; };
		E7A2C3FB2AF2541C00F5808C /* ContentView.swift in Sources */ = {isa = PBXBuildFile; fileRef = E7A2C3FA2AF2541C00F5808C /* ContentView.swift */; };
		E7A2C3FD2AF2541D00F5808C /* Assets.xcassets in Resources */ = {isa = PBXBuildFile; fileRef = E7A2C3FC2AF2541D00F5808C /* Assets.xcassets */; };
		E7A2C4002AF2541D00F5808C /* Preview Assets.xcassets in Resources */ = {isa = PBXBuildFile; fileRef = E7A2C3FF2AF2541D00F5808C /* Preview Assets.xcassets */; };
		E7A2C4142AF2541D00F5808C /* UITestingUITests.swift in Sources */ = {isa = PBXBuildFile; fileRef = E7A2C4132AF2541D00F5808C /* UITestingUITests.swift */; };
		E7A2C4242AF2545E00F5808C /* LoginScreen.swift in Sources */ = {isa = PBXBuildFile; fileRef = E7A2C4232AF2545E00F5808C /* LoginScreen.swift */; };
		E7A2C4272AF2557700F5808C /* AppState.swift in Sources */ = {isa = PBXBuildFile; fileRef = E7A2C4262AF2557700F5808C /* AppState.swift */; };
		E7A2C4292AF257B800F5808C /* AuthoriedContentScreen.swift in Sources */ = {isa = PBXBuildFile; fileRef = E7A2C4282AF257B800F5808C /* AuthoriedContentScreen.swift */; };
		E7A2C42B2AF3C68700F5808C /* Identifiers.swift in Sources */ = {isa = PBXBuildFile; fileRef = E7A2C42A2AF3C68700F5808C /* Identifiers.swift */; };
		E7A2C42C2AF3C88000F5808C /* Identifiers.swift in Sources */ = {isa = PBXBuildFile; fileRef = E7A2C42A2AF3C68700F5808C /* Identifiers.swift */; };
/* End PBXBuildFile section */

/* Begin PBXContainerItemProxy section */
		E7A2C4102AF2541D00F5808C /* PBXContainerItemProxy */ = {
			isa = PBXContainerItemProxy;
			containerPortal = E7A2C3ED2AF2541C00F5808C /* Project object */;
			proxyType = 1;
			remoteGlobalIDString = E7A2C3F42AF2541C00F5808C;
			remoteInfo = UITesting;
		};
/* End PBXContainerItemProxy section */

/* Begin PBXFileReference section */
		E7A2C3F52AF2541C00F5808C /* UITesting.app */ = {isa = PBXFileReference; explicitFileType = wrapper.application; includeInIndex = 0; path = UITesting.app; sourceTree = BUILT_PRODUCTS_DIR; };
		E7A2C3F82AF2541C00F5808C /* UITestingApp.swift */ = {isa = PBXFileReference; lastKnownFileType = sourcecode.swift; path = UITestingApp.swift; sourceTree = "<group>"; };
		E7A2C3FA2AF2541C00F5808C /* ContentView.swift */ = {isa = PBXFileReference; lastKnownFileType = sourcecode.swift; path = ContentView.swift; sourceTree = "<group>"; };
		E7A2C3FC2AF2541D00F5808C /* Assets.xcassets */ = {isa = PBXFileReference; lastKnownFileType = folder.assetcatalog; path = Assets.xcassets; sourceTree = "<group>"; };
		E7A2C3FF2AF2541D00F5808C /* Preview Assets.xcassets */ = {isa = PBXFileReference; lastKnownFileType = folder.assetcatalog; path = "Preview Assets.xcassets"; sourceTree = "<group>"; };
		E7A2C40F2AF2541D00F5808C /* UITestingUITests.xctest */ = {isa = PBXFileReference; explicitFileType = wrapper.cfbundle; includeInIndex = 0; path = UITestingUITests.xctest; sourceTree = BUILT_PRODUCTS_DIR; };
		E7A2C4132AF2541D00F5808C /* UITestingUITests.swift */ = {isa = PBXFileReference; lastKnownFileType = sourcecode.swift; path = UITestingUITests.swift; sourceTree = "<group>"; };
		E7A2C4232AF2545E00F5808C /* LoginScreen.swift */ = {isa = PBXFileReference; lastKnownFileType = sourcecode.swift; path = LoginScreen.swift; sourceTree = "<group>"; };
		E7A2C4262AF2557700F5808C /* AppState.swift */ = {isa = PBXFileReference; lastKnownFileType = sourcecode.swift; path = AppState.swift; sourceTree = "<group>"; };
		E7A2C4282AF257B800F5808C /* AuthoriedContentScreen.swift */ = {isa = PBXFileReference; lastKnownFileType = sourcecode.swift; path = AuthoriedContentScreen.swift; sourceTree = "<group>"; };
		E7A2C42A2AF3C68700F5808C /* Identifiers.swift */ = {isa = PBXFileReference; lastKnownFileType = sourcecode.swift; path = Identifiers.swift; sourceTree = "<group>"; };
/* End PBXFileReference section */

/* Begin PBXFrameworksBuildPhase section */
		E7A2C3F22AF2541C00F5808C /* Frameworks */ = {
			isa = PBXFrameworksBuildPhase;
			buildActionMask = 2147483647;
			files = (
			);
			runOnlyForDeploymentPostprocessing = 0;
		};
		E7A2C40C2AF2541D00F5808C /* Frameworks */ = {
			isa = PBXFrameworksBuildPhase;
			buildActionMask = 2147483647;
			files = (
			);
			runOnlyForDeploymentPostprocessing = 0;
		};
/* End PBXFrameworksBuildPhase section */

/* Begin PBXGroup section */
		E7A2C3EC2AF2541C00F5808C = {
			isa = PBXGroup;
			children = (
				E7A2C3F72AF2541C00F5808C /* UITesting */,
				E7A2C4122AF2541D00F5808C /* UITestingUITests */,
				E7A2C3F62AF2541C00F5808C /* Products */,
			);
			sourceTree = "<group>";
		};
		E7A2C3F62AF2541C00F5808C /* Products */ = {
			isa = PBXGroup;
			children = (
				E7A2C3F52AF2541C00F5808C /* UITesting.app */,
				E7A2C40F2AF2541D00F5808C /* UITestingUITests.xctest */,
			);
			name = Products;
			sourceTree = "<group>";
		};
		E7A2C3F72AF2541C00F5808C /* UITesting */ = {
			isa = PBXGroup;
			children = (
				E7A2C4252AF2552C00F5808C /* AppState */,
				E7A2C4222AF2545200F5808C /* Screens */,
				E7A2C3F82AF2541C00F5808C /* UITestingApp.swift */,
				E7A2C3FA2AF2541C00F5808C /* ContentView.swift */,
				E7A2C3FC2AF2541D00F5808C /* Assets.xcassets */,
				E7A2C3FE2AF2541D00F5808C /* Preview Content */,
			);
			path = UITesting;
			sourceTree = "<group>";
		};
		E7A2C3FE2AF2541D00F5808C /* Preview Content */ = {
			isa = PBXGroup;
			children = (
				E7A2C3FF2AF2541D00F5808C /* Preview Assets.xcassets */,
			);
			path = "Preview Content";
			sourceTree = "<group>";
		};
		E7A2C4122AF2541D00F5808C /* UITestingUITests */ = {
			isa = PBXGroup;
			children = (
				E7A2C4132AF2541D00F5808C /* UITestingUITests.swift */,
			);
			path = UITestingUITests;
			sourceTree = "<group>";
		};
		E7A2C4222AF2545200F5808C /* Screens */ = {
			isa = PBXGroup;
			children = (
				E7A2C4232AF2545E00F5808C /* LoginScreen.swift */,
				E7A2C4282AF257B800F5808C /* AuthoriedContentScreen.swift */,
				E7A2C42A2AF3C68700F5808C /* Identifiers.swift */,
			);
			path = Screens;
			sourceTree = "<group>";
		};
		E7A2C4252AF2552C00F5808C /* AppState */ = {
			isa = PBXGroup;
			children = (
				E7A2C4262AF2557700F5808C /* AppState.swift */,
			);
			path = AppState;
			sourceTree = "<group>";
		};
/* End PBXGroup section */

/* Begin PBXNativeTarget section */
		E7A2C3F42AF2541C00F5808C /* UITesting */ = {
			isa = PBXNativeTarget;
			buildConfigurationList = E7A2C4192AF2541D00F5808C /* Build configuration list for PBXNativeTarget "UITesting" */;
			buildPhases = (
				E7A2C3F12AF2541C00F5808C /* Sources */,
				E7A2C3F22AF2541C00F5808C /* Frameworks */,
				E7A2C3F32AF2541C00F5808C /* Resources */,
			);
			buildRules = (
			);
			dependencies = (
			);
			name = UITesting;
			productName = UITesting;
			productReference = E7A2C3F52AF2541C00F5808C /* UITesting.app */;
			productType = "com.apple.product-type.application";
		};
		E7A2C40E2AF2541D00F5808C /* UITestingUITests */ = {
			isa = PBXNativeTarget;
			buildConfigurationList = E7A2C41F2AF2541D00F5808C /* Build configuration list for PBXNativeTarget "UITestingUITests" */;
			buildPhases = (
				E7A2C40B2AF2541D00F5808C /* Sources */,
				E7A2C40C2AF2541D00F5808C /* Frameworks */,
				E7A2C40D2AF2541D00F5808C /* Resources */,
			);
			buildRules = (
			);
			dependencies = (
				E7A2C4112AF2541D00F5808C /* PBXTargetDependency */,
			);
			name = UITestingUITests;
			productName = UITestingUITests;
			productReference = E7A2C40F2AF2541D00F5808C /* UITestingUITests.xctest */;
			productType = "com.apple.product-type.bundle.ui-testing";
		};
/* End PBXNativeTarget section */

/* Begin PBXProject section */
		E7A2C3ED2AF2541C00F5808C /* Project object */ = {
			isa = PBXProject;
			attributes = {
				BuildIndependentTargetsInParallel = 1;
				LastSwiftUpdateCheck = 1500;
				LastUpgradeCheck = 1500;
				TargetAttributes = {
					E7A2C3F42AF2541C00F5808C = {
						CreatedOnToolsVersion = 15.0.1;
					};
					E7A2C40E2AF2541D00F5808C = {
						CreatedOnToolsVersion = 15.0.1;
						TestTargetID = E7A2C3F42AF2541C00F5808C;
					};
				};
			};
			buildConfigurationList = E7A2C3F02AF2541C00F5808C /* Build configuration list for PBXProject "UITesting" */;
			compatibilityVersion = "Xcode 14.0";
			developmentRegion = en;
			hasScannedForEncodings = 0;
			knownRegions = (
				en,
				Base,
			);
			mainGroup = E7A2C3EC2AF2541C00F5808C;
			productRefGroup = E7A2C3F62AF2541C00F5808C /* Products */;
			projectDirPath = "";
			projectRoot = "";
			targets = (
				E7A2C3F42AF2541C00F5808C /* UITesting */,
				E7A2C40E2AF2541D00F5808C /* UITestingUITests */,
			);
		};
/* End PBXProject section */

/* Begin PBXResourcesBuildPhase section */
		E7A2C3F32AF2541C00F5808C /* Resources */ = {
			isa = PBXResourcesBuildPhase;
			buildActionMask = 2147483647;
			files = (
				E7A2C4002AF2541D00F5808C /* Preview Assets.xcassets in Resources */,
				E7A2C3FD2AF2541D00F5808C /* Assets.xcassets in Resources */,
			);
			runOnlyForDeploymentPostprocessing = 0;
		};
		E7A2C40D2AF2541D00F5808C /* Resources */ = {
			isa = PBXResourcesBuildPhase;
			buildActionMask = 2147483647;
			files = (
			);
			runOnlyForDeploymentPostprocessing = 0;
		};
/* End PBXResourcesBuildPhase section */

/* Begin PBXSourcesBuildPhase section */
		E7A2C3F12AF2541C00F5808C /* Sources */ = {
			isa = PBXSourcesBuildPhase;
			buildActionMask = 2147483647;
			files = (
				E7A2C4292AF257B800F5808C /* AuthoriedContentScreen.swift in Sources */,
				E7A2C3FB2AF2541C00F5808C /* ContentView.swift in Sources */,
				E7A2C3F92AF2541C00F5808C /* UITestingApp.swift in Sources */,
				E7A2C4242AF2545E00F5808C /* LoginScreen.swift in Sources */,
				E7A2C42B2AF3C68700F5808C /* Identifiers.swift in Sources */,
				E7A2C4272AF2557700F5808C /* AppState.swift in Sources */,
			);
			runOnlyForDeploymentPostprocessing = 0;
		};
		E7A2C40B2AF2541D00F5808C /* Sources */ = {
			isa = PBXSourcesBuildPhase;
			buildActionMask = 2147483647;
			files = (
				E7A2C42C2AF3C88000F5808C /* Identifiers.swift in Sources */,
				E7A2C4142AF2541D00F5808C /* UITestingUITests.swift in Sources */,
			);
			runOnlyForDeploymentPostprocessing = 0;
		};
/* End PBXSourcesBuildPhase section */

/* Begin PBXTargetDependency section */
		E7A2C4112AF2541D00F5808C /* PBXTargetDependency */ = {
			isa = PBXTargetDependency;
			target = E7A2C3F42AF2541C00F5808C /* UITesting */;
			targetProxy = E7A2C4102AF2541D00F5808C /* PBXContainerItemProxy */;
		};
/* End PBXTargetDependency section */

/* Begin XCBuildConfiguration section */
		E7A2C4172AF2541D00F5808C /* Debug */ = {
			isa = XCBuildConfiguration;
			buildSettings = {
				ALWAYS_SEARCH_USER_PATHS = NO;
				ASSETCATALOG_COMPILER_GENERATE_SWIFT_ASSET_SYMBOL_EXTENSIONS = YES;
				CLANG_ANALYZER_NONNULL = YES;
				CLANG_ANALYZER_NUMBER_OBJECT_CONVERSION = YES_AGGRESSIVE;
				CLANG_CXX_LANGUAGE_STANDARD = "gnu++20";
				CLANG_ENABLE_MODULES = YES;
				CLANG_ENABLE_OBJC_ARC = YES;
				CLANG_ENABLE_OBJC_WEAK = YES;
				CLANG_WARN_BLOCK_CAPTURE_AUTORELEASING = YES;
				CLANG_WARN_BOOL_CONVERSION = YES;
				CLANG_WARN_COMMA = YES;
				CLANG_WARN_CONSTANT_CONVERSION = YES;
				CLANG_WARN_DEPRECATED_OBJC_IMPLEMENTATIONS = YES;
				CLANG_WARN_DIRECT_OBJC_ISA_USAGE = YES_ERROR;
				CLANG_WARN_DOCUMENTATION_COMMENTS = YES;
				CLANG_WARN_EMPTY_BODY = YES;
				CLANG_WARN_ENUM_CONVERSION = YES;
				CLANG_WARN_INFINITE_RECURSION = YES;
				CLANG_WARN_INT_CONVERSION = YES;
				CLANG_WARN_NON_LITERAL_NULL_CONVERSION = YES;
				CLANG_WARN_OBJC_IMPLICIT_RETAIN_SELF = YES;
				CLANG_WARN_OBJC_LITERAL_CONVERSION = YES;
				CLANG_WARN_OBJC_ROOT_CLASS = YES_ERROR;
				CLANG_WARN_QUOTED_INCLUDE_IN_FRAMEWORK_HEADER = YES;
				CLANG_WARN_RANGE_LOOP_ANALYSIS = YES;
				CLANG_WARN_STRICT_PROTOTYPES = YES;
				CLANG_WARN_SUSPICIOUS_MOVE = YES;
				CLANG_WARN_UNGUARDED_AVAILABILITY = YES_AGGRESSIVE;
				CLANG_WARN_UNREACHABLE_CODE = YES;
				CLANG_WARN__DUPLICATE_METHOD_MATCH = YES;
				COPY_PHASE_STRIP = NO;
				DEBUG_INFORMATION_FORMAT = dwarf;
				ENABLE_STRICT_OBJC_MSGSEND = YES;
				ENABLE_TESTABILITY = YES;
				ENABLE_USER_SCRIPT_SANDBOXING = YES;
				GCC_C_LANGUAGE_STANDARD = gnu17;
				GCC_DYNAMIC_NO_PIC = NO;
				GCC_NO_COMMON_BLOCKS = YES;
				GCC_OPTIMIZATION_LEVEL = 0;
				GCC_PREPROCESSOR_DEFINITIONS = (
					"DEBUG=1",
					"$(inherited)",
				);
				GCC_WARN_64_TO_32_BIT_CONVERSION = YES;
				GCC_WARN_ABOUT_RETURN_TYPE = YES_ERROR;
				GCC_WARN_UNDECLARED_SELECTOR = YES;
				GCC_WARN_UNINITIALIZED_AUTOS = YES_AGGRESSIVE;
				GCC_WARN_UNUSED_FUNCTION = YES;
				GCC_WARN_UNUSED_VARIABLE = YES;
				IPHONEOS_DEPLOYMENT_TARGET = 17.0;
				LOCALIZATION_PREFERS_STRING_CATALOGS = YES;
				MTL_ENABLE_DEBUG_INFO = INCLUDE_SOURCE;
				MTL_FAST_MATH = YES;
				ONLY_ACTIVE_ARCH = YES;
				SDKROOT = iphoneos;
				SWIFT_ACTIVE_COMPILATION_CONDITIONS = "DEBUG $(inherited)";
				SWIFT_OPTIMIZATION_LEVEL = "-Onone";
			};
			name = Debug;
		};
		E7A2C4182AF2541D00F5808C /* Release */ = {
			isa = XCBuildConfiguration;
			buildSettings = {
				ALWAYS_SEARCH_USER_PATHS = NO;
				ASSETCATALOG_COMPILER_GENERATE_SWIFT_ASSET_SYMBOL_EXTENSIONS = YES;
				CLANG_ANALYZER_NONNULL = YES;
				CLANG_ANALYZER_NUMBER_OBJECT_CONVERSION = YES_AGGRESSIVE;
				CLANG_CXX_LANGUAGE_STANDARD = "gnu++20";
				CLANG_ENABLE_MODULES = YES;
				CLANG_ENABLE_OBJC_ARC = YES;
				CLANG_ENABLE_OBJC_WEAK = YES;
				CLANG_WARN_BLOCK_CAPTURE_AUTORELEASING = YES;
				CLANG_WARN_BOOL_CONVERSION = YES;
				CLANG_WARN_COMMA = YES;
				CLANG_WARN_CONSTANT_CONVERSION = YES;
				CLANG_WARN_DEPRECATED_OBJC_IMPLEMENTATIONS = YES;
				CLANG_WARN_DIRECT_OBJC_ISA_USAGE = YES_ERROR;
				CLANG_WARN_DOCUMENTATION_COMMENTS = YES;
				CLANG_WARN_EMPTY_BODY = YES;
				CLANG_WARN_ENUM_CONVERSION = YES;
				CLANG_WARN_INFINITE_RECURSION = YES;
				CLANG_WARN_INT_CONVERSION = YES;
				CLANG_WARN_NON_LITERAL_NULL_CONVERSION = YES;
				CLANG_WARN_OBJC_IMPLICIT_RETAIN_SELF = YES;
				CLANG_WARN_OBJC_LITERAL_CONVERSION = YES;
				CLANG_WARN_OBJC_ROOT_CLASS = YES_ERROR;
				CLANG_WARN_QUOTED_INCLUDE_IN_FRAMEWORK_HEADER = YES;
				CLANG_WARN_RANGE_LOOP_ANALYSIS = YES;
				CLANG_WARN_STRICT_PROTOTYPES = YES;
				CLANG_WARN_SUSPICIOUS_MOVE = YES;
				CLANG_WARN_UNGUARDED_AVAILABILITY = YES_AGGRESSIVE;
				CLANG_WARN_UNREACHABLE_CODE = YES;
				CLANG_WARN__DUPLICATE_METHOD_MATCH = YES;
				COPY_PHASE_STRIP = NO;
				DEBUG_INFORMATION_FORMAT = "dwarf-with-dsym";
				ENABLE_NS_ASSERTIONS = NO;
				ENABLE_STRICT_OBJC_MSGSEND = YES;
				ENABLE_USER_SCRIPT_SANDBOXING = YES;
				GCC_C_LANGUAGE_STANDARD = gnu17;
				GCC_NO_COMMON_BLOCKS = YES;
				GCC_WARN_64_TO_32_BIT_CONVERSION = YES;
				GCC_WARN_ABOUT_RETURN_TYPE = YES_ERROR;
				GCC_WARN_UNDECLARED_SELECTOR = YES;
				GCC_WARN_UNINITIALIZED_AUTOS = YES_AGGRESSIVE;
				GCC_WARN_UNUSED_FUNCTION = YES;
				GCC_WARN_UNUSED_VARIABLE = YES;
				IPHONEOS_DEPLOYMENT_TARGET = 17.0;
				LOCALIZATION_PREFERS_STRING_CATALOGS = YES;
				MTL_ENABLE_DEBUG_INFO = NO;
				MTL_FAST_MATH = YES;
				SDKROOT = iphoneos;
				SWIFT_COMPILATION_MODE = wholemodule;
				VALIDATE_PRODUCT = YES;
			};
			name = Release;
		};
		E7A2C41A2AF2541D00F5808C /* Debug */ = {
			isa = XCBuildConfiguration;
			buildSettings = {
				ASSETCATALOG_COMPILER_APPICON_NAME = AppIcon;
				ASSETCATALOG_COMPILER_GLOBAL_ACCENT_COLOR_NAME = AccentColor;
				CODE_SIGN_STYLE = Automatic;
				CURRENT_PROJECT_VERSION = 1;
				DEVELOPMENT_ASSET_PATHS = "\"UITesting/Preview Content\"";
				ENABLE_PREVIEWS = YES;
				GENERATE_INFOPLIST_FILE = YES;
				INFOPLIST_KEY_UIApplicationSceneManifest_Generation = YES;
				INFOPLIST_KEY_UIApplicationSupportsIndirectInputEvents = YES;
				INFOPLIST_KEY_UILaunchScreen_Generation = YES;
				INFOPLIST_KEY_UISupportedInterfaceOrientations_iPad = "UIInterfaceOrientationPortrait UIInterfaceOrientationPortraitUpsideDown UIInterfaceOrientationLandscapeLeft UIInterfaceOrientationLandscapeRight";
				INFOPLIST_KEY_UISupportedInterfaceOrientations_iPhone = "UIInterfaceOrientationPortrait UIInterfaceOrientationLandscapeLeft UIInterfaceOrientationLandscapeRight";
				LD_RUNPATH_SEARCH_PATHS = (
					"$(inherited)",
					"@executable_path/Frameworks",
				);
				MARKETING_VERSION = 1.0;
				PRODUCT_BUNDLE_IDENTIFIER = ui.testing.UITesting;
				PRODUCT_NAME = "$(TARGET_NAME)";
				SUPPORTED_PLATFORMS = "iphoneos iphonesimulator";
				SUPPORTS_MACCATALYST = NO;
				SUPPORTS_MAC_DESIGNED_FOR_IPHONE_IPAD = NO;
				SWIFT_EMIT_LOC_STRINGS = YES;
				SWIFT_VERSION = 5.0;
				TARGETED_DEVICE_FAMILY = 1;
			};
			name = Debug;
		};
		E7A2C41B2AF2541D00F5808C /* Release */ = {
			isa = XCBuildConfiguration;
			buildSettings = {
				ASSETCATALOG_COMPILER_APPICON_NAME = AppIcon;
				ASSETCATALOG_COMPILER_GLOBAL_ACCENT_COLOR_NAME = AccentColor;
				CODE_SIGN_STYLE = Automatic;
				CURRENT_PROJECT_VERSION = 1;
				DEVELOPMENT_ASSET_PATHS = "\"UITesting/Preview Content\"";
				ENABLE_PREVIEWS = YES;
				GENERATE_INFOPLIST_FILE = YES;
				INFOPLIST_KEY_UIApplicationSceneManifest_Generation = YES;
				INFOPLIST_KEY_UIApplicationSupportsIndirectInputEvents = YES;
				INFOPLIST_KEY_UILaunchScreen_Generation = YES;
				INFOPLIST_KEY_UISupportedInterfaceOrientations_iPad = "UIInterfaceOrientationPortrait UIInterfaceOrientationPortraitUpsideDown UIInterfaceOrientationLandscapeLeft UIInterfaceOrientationLandscapeRight";
				INFOPLIST_KEY_UISupportedInterfaceOrientations_iPhone = "UIInterfaceOrientationPortrait UIInterfaceOrientationLandscapeLeft UIInterfaceOrientationLandscapeRight";
				LD_RUNPATH_SEARCH_PATHS = (
					"$(inherited)",
					"@executable_path/Frameworks",
				);
				MARKETING_VERSION = 1.0;
				PRODUCT_BUNDLE_IDENTIFIER = ui.testing.UITesting;
				PRODUCT_NAME = "$(TARGET_NAME)";
				SUPPORTED_PLATFORMS = "iphoneos iphonesimulator";
				SUPPORTS_MACCATALYST = NO;
				SUPPORTS_MAC_DESIGNED_FOR_IPHONE_IPAD = NO;
				SWIFT_EMIT_LOC_STRINGS = YES;
				SWIFT_VERSION = 5.0;
				TARGETED_DEVICE_FAMILY = 1;
			};
			name = Release;
		};
		E7A2C4202AF2541D00F5808C /* Debug */ = {
			isa = XCBuildConfiguration;
			buildSettings = {
				ALWAYS_EMBED_SWIFT_STANDARD_LIBRARIES = YES;
				CODE_SIGN_STYLE = Automatic;
				CURRENT_PROJECT_VERSION = 1;
				GENERATE_INFOPLIST_FILE = YES;
				MARKETING_VERSION = 1.0;
				PRODUCT_BUNDLE_IDENTIFIER = ui.testing.UITestingUITests;
				PRODUCT_NAME = "$(TARGET_NAME)";
				SUPPORTED_PLATFORMS = "iphoneos iphonesimulator";
				SUPPORTS_MACCATALYST = NO;
				SUPPORTS_MAC_DESIGNED_FOR_IPHONE_IPAD = NO;
				SWIFT_EMIT_LOC_STRINGS = NO;
				SWIFT_VERSION = 5.0;
				TARGETED_DEVICE_FAMILY = 1;
				TEST_TARGET_NAME = UITesting;
			};
			name = Debug;
		};
		E7A2C4212AF2541D00F5808C /* Release */ = {
			isa = XCBuildConfiguration;
			buildSettings = {
				ALWAYS_EMBED_SWIFT_STANDARD_LIBRARIES = YES;
				CODE_SIGN_STYLE = Automatic;
				CURRENT_PROJECT_VERSION = 1;
				GENERATE_INFOPLIST_FILE = YES;
				MARKETING_VERSION = 1.0;
				PRODUCT_BUNDLE_IDENTIFIER = ui.testing.UITestingUITests;
				PRODUCT_NAME = "$(TARGET_NAME)";
				SUPPORTED_PLATFORMS = "iphoneos iphonesimulator";
				SUPPORTS_MACCATALYST = NO;
				SUPPORTS_MAC_DESIGNED_FOR_IPHONE_IPAD = NO;
				SWIFT_EMIT_LOC_STRINGS = NO;
				SWIFT_VERSION = 5.0;
				TARGETED_DEVICE_FAMILY = 1;
				TEST_TARGET_NAME = UITesting;
			};
			name = Release;
		};
/* End XCBuildConfiguration section */

/* Begin XCConfigurationList section */
		E7A2C3F02AF2541C00F5808C /* Build configuration list for PBXProject "UITesting" */ = {
			isa = XCConfigurationList;
			buildConfigurations = (
				E7A2C4172AF2541D00F5808C /* Debug */,
				E7A2C4182AF2541D00F5808C /* Release */,
			);
			defaultConfigurationIsVisible = 0;
			defaultConfigurationName = Release;
		};
		E7A2C4192AF2541D00F5808C /* Build configuration list for PBXNativeTarget "UITesting" */ = {
			isa = XCConfigurationList;
			buildConfigurations = (
				E7A2C41A2AF2541D00F5808C /* Debug */,
				E7A2C41B2AF2541D00F5808C /* Release */,
			);
			defaultConfigurationIsVisible = 0;
			defaultConfigurationName = Release;
		};
		E7A2C41F2AF2541D00F5808C /* Build configuration list for PBXNativeTarget "UITestingUITests" */ = {
			isa = XCConfigurationList;
			buildConfigurations = (
				E7A2C4202AF2541D00F5808C /* Debug */,
				E7A2C4212AF2541D00F5808C /* Release */,
			);
			defaultConfigurationIsVisible = 0;
			defaultConfigurationName = Release;
		};
/* End XCConfigurationList section */
	};
	rootObject = E7A2C3ED2AF2541C00F5808C /* Project object */;
}
